
Microsoft Visual Studio Solution File, Format Version 12.00
# Visual Studio Version 16
VisualStudioVersion = 16.0.31313.79
MinimumVisualStudioVersion = 10.0.40219.1
Project("{8BC9CEB8-8B4A-11D0-8D11-00A0C91BC942}") = "Homework_C++_4", "Homework_C++_4\Homework_C++_4.vcxproj", "{B8FD6F3E-2D04-4B21-ABAC-7AF1C2ED8032}"
EndProject
Project("{8BC9CEB8-8B4A-11D0-8D11-00A0C91BC942}") = "Homework_C++_5", "..\Homework_C++_5\Homework_C++_5\Homework_C++_5.vcxproj", "{BA745980-AEF9-4326-8F22-23AB5963ED8C}"
EndProject
Project("{8BC9CEB8-8B4A-11D0-8D11-00A0C91BC942}") = "Homework_C++_3_4", "Homework_C++_3_4\Homework_C++_3_4.vcxproj", "{C119F6B7-04BA-4799-BAE4-513810E6575F}"
EndProject
Project("{8BC9CEB8-8B4A-11D0-8D11-00A0C91BC942}") = "Homework_C++_6", "Homework_C++_6\Homework_C++_6.vcxproj", "{10920F01-B134-43E7-AC54-7E5875BBA05E}"
EndProject
Project("{8BC9CEB8-8B4A-11D0-8D11-00A0C91BC942}") = "Homework_C++_7", "Homework_C++_7\Homework_C++_7.vcxproj", "{A0043D31-2525-46B9-8852-EB62C54F37B9}"
EndProject
Project("{8BC9CEB8-8B4A-11D0-8D11-00A0C91BC942}") = "Homework_C++_10", "Homework_C++_10\Homework_C++_10.vcxproj", "{597AFCC9-C29A-4FBE-B893-D23445E60146}"
EndProject
Project("{8BC9CEB8-8B4A-11D0-8D11-00A0C91BC942}") = "Homework_C++_11", "Homework_C++_11\Homework_C++_11.vcxproj", "{CD29D4AD-5A57-4227-92D5-F5E5B5CD9C21}"
EndProject
Project("{8BC9CEB8-8B4A-11D0-8D11-00A0C91BC942}") = "Homework_C++_12", "Homework_C++_12\Homework_C++_12.vcxproj", "{60D0981F-B3E0-4022-AF60-736001D7A6CE}"
EndProject
Project("{8BC9CEB8-8B4A-11D0-8D11-00A0C91BC942}") = "Homework_C++_13", "Homework_C++_13\Homework_C++_13.vcxproj", "{996DDC67-CB08-46FD-A91E-0A3DA0E9D1D2}"
EndProject
Project("{8BC9CEB8-8B4A-11D0-8D11-00A0C91BC942}") = "Homework_C++_13_Массивы", "Homework_C++_6_Массивы\Homework_C++_6_Массивы.vcxproj", "{3F5E9DF5-5DCA-4748-9AE3-5C2E454B3389}"
EndProject
Project("{8BC9CEB8-8B4A-11D0-8D11-00A0C91BC942}") = "Homework_C++_14", "Homework_C++_14\Homework_C++_14.vcxproj", "{FD8BE5F8-4455-4421-B951-9A444E5A30DD}"
EndProject
Project("{8BC9CEB8-8B4A-11D0-8D11-00A0C91BC942}") = "Homework_C++_15", "Homework_C++_15\Homework_C++_15.vcxproj", "{BDE2F09D-1ACB-4494-8EA2-E24B03CF9283}"
EndProject
Project("{8BC9CEB8-8B4A-11D0-8D11-00A0C91BC942}") = "Homework_C++_16", "Homework_C++_16\Homework_C++_16.vcxproj", "{39DFC540-1EC5-4ABE-B88E-E7777D4E0EB5}"
EndProject
Project("{8BC9CEB8-8B4A-11D0-8D11-00A0C91BC942}") = "Homework_C++_17", "Homework_C++_17\Homework_C++_17.vcxproj", "{A1CC53CB-18E2-481F-B1C8-B19DA535DB46}"
EndProject
Project("{8BC9CEB8-8B4A-11D0-8D11-00A0C91BC942}") = "Homework_C++_18", "Homework_C++_18\Homework_C++_18.vcxproj", "{2E702E85-EFC4-42A0-B679-B5125E9A3DDB}"
EndProject
Project("{8BC9CEB8-8B4A-11D0-8D11-00A0C91BC942}") = "Homework_C++_19", "Homework_C++_19\Homework_C++_19.vcxproj", "{5EB4271F-F52B-474E-A636-75CB52AFBC26}"
EndProject
Project("{8BC9CEB8-8B4A-11D0-8D11-00A0C91BC942}") = "Homework_C++_20", "Homework_C++_20\Homework_C++_20.vcxproj", "{C467A29C-D793-4C51-A4D0-69C556A63334}"
EndProject
Project("{8BC9CEB8-8B4A-11D0-8D11-00A0C91BC942}") = "Homework_C++_21", "Homework_C++_21\Homework_C++_21.vcxproj", "{6AC30B4D-4DAB-4B3D-A2F2-1D0FE188D69D}"
EndProject
Project("{8BC9CEB8-8B4A-11D0-8D11-00A0C91BC942}") = "Homework_C++_22", "Homework_C++_22\Homework_C++_22.vcxproj", "{094DEA44-0BE2-49A7-859C-E5A6E2CFA253}"
EndProject
Global
	GlobalSection(SolutionConfigurationPlatforms) = preSolution
		Debug|x64 = Debug|x64
		Debug|x86 = Debug|x86
		Release|x64 = Release|x64
		Release|x86 = Release|x86
	EndGlobalSection
	GlobalSection(ProjectConfigurationPlatforms) = postSolution
		{B8FD6F3E-2D04-4B21-ABAC-7AF1C2ED8032}.Debug|x64.ActiveCfg = Debug|x64
		{B8FD6F3E-2D04-4B21-ABAC-7AF1C2ED8032}.Debug|x64.Build.0 = Debug|x64
		{B8FD6F3E-2D04-4B21-ABAC-7AF1C2ED8032}.Debug|x86.ActiveCfg = Debug|Win32
		{B8FD6F3E-2D04-4B21-ABAC-7AF1C2ED8032}.Debug|x86.Build.0 = Debug|Win32
		{B8FD6F3E-2D04-4B21-ABAC-7AF1C2ED8032}.Release|x64.ActiveCfg = Release|x64
		{B8FD6F3E-2D04-4B21-ABAC-7AF1C2ED8032}.Release|x64.Build.0 = Release|x64
		{B8FD6F3E-2D04-4B21-ABAC-7AF1C2ED8032}.Release|x86.ActiveCfg = Release|Win32
		{B8FD6F3E-2D04-4B21-ABAC-7AF1C2ED8032}.Release|x86.Build.0 = Release|Win32
		{BA745980-AEF9-4326-8F22-23AB5963ED8C}.Debug|x64.ActiveCfg = Debug|x64
		{BA745980-AEF9-4326-8F22-23AB5963ED8C}.Debug|x64.Build.0 = Debug|x64
		{BA745980-AEF9-4326-8F22-23AB5963ED8C}.Debug|x86.ActiveCfg = Debug|Win32
		{BA745980-AEF9-4326-8F22-23AB5963ED8C}.Debug|x86.Build.0 = Debug|Win32
		{BA745980-AEF9-4326-8F22-23AB5963ED8C}.Release|x64.ActiveCfg = Release|x64
		{BA745980-AEF9-4326-8F22-23AB5963ED8C}.Release|x64.Build.0 = Release|x64
		{BA745980-AEF9-4326-8F22-23AB5963ED8C}.Release|x86.ActiveCfg = Release|Win32
		{BA745980-AEF9-4326-8F22-23AB5963ED8C}.Release|x86.Build.0 = Release|Win32
		{C119F6B7-04BA-4799-BAE4-513810E6575F}.Debug|x64.ActiveCfg = Debug|x64
		{C119F6B7-04BA-4799-BAE4-513810E6575F}.Debug|x64.Build.0 = Debug|x64
		{C119F6B7-04BA-4799-BAE4-513810E6575F}.Debug|x86.ActiveCfg = Debug|Win32
		{C119F6B7-04BA-4799-BAE4-513810E6575F}.Debug|x86.Build.0 = Debug|Win32
		{C119F6B7-04BA-4799-BAE4-513810E6575F}.Release|x64.ActiveCfg = Release|x64
		{C119F6B7-04BA-4799-BAE4-513810E6575F}.Release|x64.Build.0 = Release|x64
		{C119F6B7-04BA-4799-BAE4-513810E6575F}.Release|x86.ActiveCfg = Release|Win32
		{C119F6B7-04BA-4799-BAE4-513810E6575F}.Release|x86.Build.0 = Release|Win32
		{10920F01-B134-43E7-AC54-7E5875BBA05E}.Debug|x64.ActiveCfg = Debug|x64
		{10920F01-B134-43E7-AC54-7E5875BBA05E}.Debug|x64.Build.0 = Debug|x64
		{10920F01-B134-43E7-AC54-7E5875BBA05E}.Debug|x86.ActiveCfg = Debug|Win32
		{10920F01-B134-43E7-AC54-7E5875BBA05E}.Debug|x86.Build.0 = Debug|Win32
		{10920F01-B134-43E7-AC54-7E5875BBA05E}.Release|x64.ActiveCfg = Release|x64
		{10920F01-B134-43E7-AC54-7E5875BBA05E}.Release|x64.Build.0 = Release|x64
		{10920F01-B134-43E7-AC54-7E5875BBA05E}.Release|x86.ActiveCfg = Release|Win32
		{10920F01-B134-43E7-AC54-7E5875BBA05E}.Release|x86.Build.0 = Release|Win32
		{A0043D31-2525-46B9-8852-EB62C54F37B9}.Debug|x64.ActiveCfg = Debug|x64
		{A0043D31-2525-46B9-8852-EB62C54F37B9}.Debug|x64.Build.0 = Debug|x64
		{A0043D31-2525-46B9-8852-EB62C54F37B9}.Debug|x86.ActiveCfg = Debug|Win32
		{A0043D31-2525-46B9-8852-EB62C54F37B9}.Debug|x86.Build.0 = Debug|Win32
		{A0043D31-2525-46B9-8852-EB62C54F37B9}.Release|x64.ActiveCfg = Release|x64
		{A0043D31-2525-46B9-8852-EB62C54F37B9}.Release|x64.Build.0 = Release|x64
		{A0043D31-2525-46B9-8852-EB62C54F37B9}.Release|x86.ActiveCfg = Release|Win32
		{A0043D31-2525-46B9-8852-EB62C54F37B9}.Release|x86.Build.0 = Release|Win32
		{597AFCC9-C29A-4FBE-B893-D23445E60146}.Debug|x64.ActiveCfg = Debug|x64
		{597AFCC9-C29A-4FBE-B893-D23445E60146}.Debug|x64.Build.0 = Debug|x64
		{597AFCC9-C29A-4FBE-B893-D23445E60146}.Debug|x86.ActiveCfg = Debug|Win32
		{597AFCC9-C29A-4FBE-B893-D23445E60146}.Debug|x86.Build.0 = Debug|Win32
		{597AFCC9-C29A-4FBE-B893-D23445E60146}.Release|x64.ActiveCfg = Release|x64
		{597AFCC9-C29A-4FBE-B893-D23445E60146}.Release|x64.Build.0 = Release|x64
		{597AFCC9-C29A-4FBE-B893-D23445E60146}.Release|x86.ActiveCfg = Release|Win32
		{597AFCC9-C29A-4FBE-B893-D23445E60146}.Release|x86.Build.0 = Release|Win32
		{CD29D4AD-5A57-4227-92D5-F5E5B5CD9C21}.Debug|x64.ActiveCfg = Debug|x64
		{CD29D4AD-5A57-4227-92D5-F5E5B5CD9C21}.Debug|x64.Build.0 = Debug|x64
		{CD29D4AD-5A57-4227-92D5-F5E5B5CD9C21}.Debug|x86.ActiveCfg = Debug|Win32
		{CD29D4AD-5A57-4227-92D5-F5E5B5CD9C21}.Debug|x86.Build.0 = Debug|Win32
		{CD29D4AD-5A57-4227-92D5-F5E5B5CD9C21}.Release|x64.ActiveCfg = Release|x64
		{CD29D4AD-5A57-4227-92D5-F5E5B5CD9C21}.Release|x64.Build.0 = Release|x64
		{CD29D4AD-5A57-4227-92D5-F5E5B5CD9C21}.Release|x86.ActiveCfg = Release|Win32
		{CD29D4AD-5A57-4227-92D5-F5E5B5CD9C21}.Release|x86.Build.0 = Release|Win32
		{60D0981F-B3E0-4022-AF60-736001D7A6CE}.Debug|x64.ActiveCfg = Debug|x64
		{60D0981F-B3E0-4022-AF60-736001D7A6CE}.Debug|x64.Build.0 = Debug|x64
		{60D0981F-B3E0-4022-AF60-736001D7A6CE}.Debug|x86.ActiveCfg = Debug|Win32
		{60D0981F-B3E0-4022-AF60-736001D7A6CE}.Debug|x86.Build.0 = Debug|Win32
		{60D0981F-B3E0-4022-AF60-736001D7A6CE}.Release|x64.ActiveCfg = Release|x64
		{60D0981F-B3E0-4022-AF60-736001D7A6CE}.Release|x64.Build.0 = Release|x64
		{60D0981F-B3E0-4022-AF60-736001D7A6CE}.Release|x86.ActiveCfg = Release|Win32
		{60D0981F-B3E0-4022-AF60-736001D7A6CE}.Release|x86.Build.0 = Release|Win32
		{996DDC67-CB08-46FD-A91E-0A3DA0E9D1D2}.Debug|x64.ActiveCfg = Debug|x64
		{996DDC67-CB08-46FD-A91E-0A3DA0E9D1D2}.Debug|x64.Build.0 = Debug|x64
		{996DDC67-CB08-46FD-A91E-0A3DA0E9D1D2}.Debug|x86.ActiveCfg = Debug|Win32
		{996DDC67-CB08-46FD-A91E-0A3DA0E9D1D2}.Debug|x86.Build.0 = Debug|Win32
		{996DDC67-CB08-46FD-A91E-0A3DA0E9D1D2}.Release|x64.ActiveCfg = Release|x64
		{996DDC67-CB08-46FD-A91E-0A3DA0E9D1D2}.Release|x64.Build.0 = Release|x64
		{996DDC67-CB08-46FD-A91E-0A3DA0E9D1D2}.Release|x86.ActiveCfg = Release|Win32
		{996DDC67-CB08-46FD-A91E-0A3DA0E9D1D2}.Release|x86.Build.0 = Release|Win32
		{3F5E9DF5-5DCA-4748-9AE3-5C2E454B3389}.Debug|x64.ActiveCfg = Debug|x64
		{3F5E9DF5-5DCA-4748-9AE3-5C2E454B3389}.Debug|x64.Build.0 = Debug|x64
		{3F5E9DF5-5DCA-4748-9AE3-5C2E454B3389}.Debug|x86.ActiveCfg = Debug|Win32
		{3F5E9DF5-5DCA-4748-9AE3-5C2E454B3389}.Debug|x86.Build.0 = Debug|Win32
		{3F5E9DF5-5DCA-4748-9AE3-5C2E454B3389}.Release|x64.ActiveCfg = Release|x64
		{3F5E9DF5-5DCA-4748-9AE3-5C2E454B3389}.Release|x64.Build.0 = Release|x64
		{3F5E9DF5-5DCA-4748-9AE3-5C2E454B3389}.Release|x86.ActiveCfg = Release|Win32
		{3F5E9DF5-5DCA-4748-9AE3-5C2E454B3389}.Release|x86.Build.0 = Release|Win32
		{FD8BE5F8-4455-4421-B951-9A444E5A30DD}.Debug|x64.ActiveCfg = Debug|x64
		{FD8BE5F8-4455-4421-B951-9A444E5A30DD}.Debug|x64.Build.0 = Debug|x64
		{FD8BE5F8-4455-4421-B951-9A444E5A30DD}.Debug|x86.ActiveCfg = Debug|Win32
		{FD8BE5F8-4455-4421-B951-9A444E5A30DD}.Debug|x86.Build.0 = Debug|Win32
		{FD8BE5F8-4455-4421-B951-9A444E5A30DD}.Release|x64.ActiveCfg = Release|x64
		{FD8BE5F8-4455-4421-B951-9A444E5A30DD}.Release|x64.Build.0 = Release|x64
		{FD8BE5F8-4455-4421-B951-9A444E5A30DD}.Release|x86.ActiveCfg = Release|Win32
		{FD8BE5F8-4455-4421-B951-9A444E5A30DD}.Release|x86.Build.0 = Release|Win32
		{BDE2F09D-1ACB-4494-8EA2-E24B03CF9283}.Debug|x64.ActiveCfg = Debug|x64
		{BDE2F09D-1ACB-4494-8EA2-E24B03CF9283}.Debug|x64.Build.0 = Debug|x64
		{BDE2F09D-1ACB-4494-8EA2-E24B03CF9283}.Debug|x86.ActiveCfg = Debug|Win32
		{BDE2F09D-1ACB-4494-8EA2-E24B03CF9283}.Debug|x86.Build.0 = Debug|Win32
		{BDE2F09D-1ACB-4494-8EA2-E24B03CF9283}.Release|x64.ActiveCfg = Release|x64
		{BDE2F09D-1ACB-4494-8EA2-E24B03CF9283}.Release|x64.Build.0 = Release|x64
		{BDE2F09D-1ACB-4494-8EA2-E24B03CF9283}.Release|x86.ActiveCfg = Release|Win32
		{BDE2F09D-1ACB-4494-8EA2-E24B03CF9283}.Release|x86.Build.0 = Release|Win32
		{39DFC540-1EC5-4ABE-B88E-E7777D4E0EB5}.Debug|x64.ActiveCfg = Debug|x64
		{39DFC540-1EC5-4ABE-B88E-E7777D4E0EB5}.Debug|x64.Build.0 = Debug|x64
		{39DFC540-1EC5-4ABE-B88E-E7777D4E0EB5}.Debug|x86.ActiveCfg = Debug|Win32
		{39DFC540-1EC5-4ABE-B88E-E7777D4E0EB5}.Debug|x86.Build.0 = Debug|Win32
		{39DFC540-1EC5-4ABE-B88E-E7777D4E0EB5}.Release|x64.ActiveCfg = Release|x64
		{39DFC540-1EC5-4ABE-B88E-E7777D4E0EB5}.Release|x64.Build.0 = Release|x64
		{39DFC540-1EC5-4ABE-B88E-E7777D4E0EB5}.Release|x86.ActiveCfg = Release|Win32
		{39DFC540-1EC5-4ABE-B88E-E7777D4E0EB5}.Release|x86.Build.0 = Release|Win32
		{A1CC53CB-18E2-481F-B1C8-B19DA535DB46}.Debug|x64.ActiveCfg = Debug|x64
		{A1CC53CB-18E2-481F-B1C8-B19DA535DB46}.Debug|x64.Build.0 = Debug|x64
		{A1CC53CB-18E2-481F-B1C8-B19DA535DB46}.Debug|x86.ActiveCfg = Debug|Win32
		{A1CC53CB-18E2-481F-B1C8-B19DA535DB46}.Debug|x86.Build.0 = Debug|Win32
		{A1CC53CB-18E2-481F-B1C8-B19DA535DB46}.Release|x64.ActiveCfg = Release|x64
		{A1CC53CB-18E2-481F-B1C8-B19DA535DB46}.Release|x64.Build.0 = Release|x64
		{A1CC53CB-18E2-481F-B1C8-B19DA535DB46}.Release|x86.ActiveCfg = Release|Win32
		{A1CC53CB-18E2-481F-B1C8-B19DA535DB46}.Release|x86.Build.0 = Release|Win32
		{2E702E85-EFC4-42A0-B679-B5125E9A3DDB}.Debug|x64.ActiveCfg = Debug|x64
		{2E702E85-EFC4-42A0-B679-B5125E9A3DDB}.Debug|x64.Build.0 = Debug|x64
		{2E702E85-EFC4-42A0-B679-B5125E9A3DDB}.Debug|x86.ActiveCfg = Debug|Win32
		{2E702E85-EFC4-42A0-B679-B5125E9A3DDB}.Debug|x86.Build.0 = Debug|Win32
		{2E702E85-EFC4-42A0-B679-B5125E9A3DDB}.Release|x64.ActiveCfg = Release|x64
		{2E702E85-EFC4-42A0-B679-B5125E9A3DDB}.Release|x64.Build.0 = Release|x64
		{2E702E85-EFC4-42A0-B679-B5125E9A3DDB}.Release|x86.ActiveCfg = Release|Win32
		{2E702E85-EFC4-42A0-B679-B5125E9A3DDB}.Release|x86.Build.0 = Release|Win32
		{5EB4271F-F52B-474E-A636-75CB52AFBC26}.Debug|x64.ActiveCfg = Debug|x64
		{5EB4271F-F52B-474E-A636-75CB52AFBC26}.Debug|x64.Build.0 = Debug|x64
		{5EB4271F-F52B-474E-A636-75CB52AFBC26}.Debug|x86.ActiveCfg = Debug|Win32
		{5EB4271F-F52B-474E-A636-75CB52AFBC26}.Debug|x86.Build.0 = Debug|Win32
		{5EB4271F-F52B-474E-A636-75CB52AFBC26}.Release|x64.ActiveCfg = Release|x64
		{5EB4271F-F52B-474E-A636-75CB52AFBC26}.Release|x64.Build.0 = Release|x64
		{5EB4271F-F52B-474E-A636-75CB52AFBC26}.Release|x86.ActiveCfg = Release|Win32
		{5EB4271F-F52B-474E-A636-75CB52AFBC26}.Release|x86.Build.0 = Release|Win32
		{C467A29C-D793-4C51-A4D0-69C556A63334}.Debug|x64.ActiveCfg = Debug|x64
		{C467A29C-D793-4C51-A4D0-69C556A63334}.Debug|x64.Build.0 = Debug|x64
		{C467A29C-D793-4C51-A4D0-69C556A63334}.Debug|x86.ActiveCfg = Debug|Win32
		{C467A29C-D793-4C51-A4D0-69C556A63334}.Debug|x86.Build.0 = Debug|Win32
		{C467A29C-D793-4C51-A4D0-69C556A63334}.Release|x64.ActiveCfg = Release|x64
		{C467A29C-D793-4C51-A4D0-69C556A63334}.Release|x64.Build.0 = Release|x64
		{C467A29C-D793-4C51-A4D0-69C556A63334}.Release|x86.ActiveCfg = Release|Win32
		{C467A29C-D793-4C51-A4D0-69C556A63334}.Release|x86.Build.0 = Release|Win32
		{6AC30B4D-4DAB-4B3D-A2F2-1D0FE188D69D}.Debug|x64.ActiveCfg = Debug|x64
		{6AC30B4D-4DAB-4B3D-A2F2-1D0FE188D69D}.Debug|x64.Build.0 = Debug|x64
		{6AC30B4D-4DAB-4B3D-A2F2-1D0FE188D69D}.Debug|x86.ActiveCfg = Debug|Win32
		{6AC30B4D-4DAB-4B3D-A2F2-1D0FE188D69D}.Debug|x86.Build.0 = Debug|Win32
		{6AC30B4D-4DAB-4B3D-A2F2-1D0FE188D69D}.Release|x64.ActiveCfg = Release|x64
		{6AC30B4D-4DAB-4B3D-A2F2-1D0FE188D69D}.Release|x64.Build.0 = Release|x64
		{6AC30B4D-4DAB-4B3D-A2F2-1D0FE188D69D}.Release|x86.ActiveCfg = Release|Win32
		{6AC30B4D-4DAB-4B3D-A2F2-1D0FE188D69D}.Release|x86.Build.0 = Release|Win32
		{094DEA44-0BE2-49A7-859C-E5A6E2CFA253}.Debug|x64.ActiveCfg = Debug|x64
		{094DEA44-0BE2-49A7-859C-E5A6E2CFA253}.Debug|x64.Build.0 = Debug|x64
		{094DEA44-0BE2-49A7-859C-E5A6E2CFA253}.Debug|x86.ActiveCfg = Debug|Win32
		{094DEA44-0BE2-49A7-859C-E5A6E2CFA253}.Debug|x86.Build.0 = Debug|Win32
		{094DEA44-0BE2-49A7-859C-E5A6E2CFA253}.Release|x64.ActiveCfg = Release|x64
		{094DEA44-0BE2-49A7-859C-E5A6E2CFA253}.Release|x64.Build.0 = Release|x64
		{094DEA44-0BE2-49A7-859C-E5A6E2CFA253}.Release|x86.ActiveCfg = Release|Win32
		{094DEA44-0BE2-49A7-859C-E5A6E2CFA253}.Release|x86.Build.0 = Release|Win32
	EndGlobalSection
	GlobalSection(SolutionProperties) = preSolution
		HideSolutionNode = FALSE
	EndGlobalSection
	GlobalSection(ExtensibilityGlobals) = postSolution
		SolutionGuid = {BC9B5BCC-0C7E-4BC7-8FCC-05259A249A29}
	EndGlobalSection
EndGlobal
